{
  "requires": true,
  "lockfileVersion": 1,
  "dependencies": {
    "react-hook-form": {
      "version": "6.14.1",
      "resolved": "https://registry.npmjs.org/react-hook-form/-/react-hook-form-6.14.1.tgz",
      "integrity": "sha512-Bf2fWcL2F34hUUqrx1rpgZ8ZErQ4/DvrPs6Je+lUYL59km8PXIQqyCTz/NbggC1RQUj7rChSmTx6eFap+mCttw=="
    }
  }
}
